
Microsoft Visual Studio Solution File, Format Version 12.00
# Visual Studio Version 17
VisualStudioVersion = 17.9.34622.214
MinimumVisualStudioVersion = 10.0.40219.1
Project("{FAE04EC0-301F-11D3-BF4B-00C04F79EFBC}") = "Login and Registration", "Login and Registration\Login and Registration.csproj", "{C8C8F497-3BE6-4F72-926F-E1871BFB4347}"
EndProject
Global
	GlobalSection(SolutionConfigurationPlatforms) = preSolution
		Debug|Any CPU = Debug|Any CPU
		Release|Any CPU = Release|Any CPU
	EndGlobalSection
	GlobalSection(ProjectConfigurationPlatforms) = postSolution
		{C8C8F497-3BE6-4F72-926F-E1871BFB4347}.Debug|Any CPU.ActiveCfg = Debug|Any CPU
		{C8C8F497-3BE6-4F72-926F-E1871BFB4347}.Debug|Any CPU.Build.0 = Debug|Any CPU
		{C8C8F497-3BE6-4F72-926F-E1871BFB4347}.Release|Any CPU.ActiveCfg = Release|Any CPU
		{C8C8F497-3BE6-4F72-926F-E1871BFB4347}.Release|Any CPU.Build.0 = Release|Any CPU
	EndGlobalSection
	GlobalSection(SolutionProperties) = preSolution
		HideSolutionNode = FALSE
	EndGlobalSection
	GlobalSection(ExtensibilityGlobals) = postSolution
		SolutionGuid = {0DF49184-F8ED-4571-943F-9629D2DF3AC4}
	EndGlobalSection
EndGlobal
